{
  "name": "Google Chrome Extension Code",
  "lockfileVersion": 2,
  "requires": true,
  "packages": {
    "": {
      "dependencies": {
        "chrome-types": "^0.1.328"
      }
    },
    "node_modules/chrome-types": {
      "version": "0.1.328",
      "resolved": "https://registry.npmjs.org/chrome-types/-/chrome-types-0.1.328.tgz",
      "integrity": "sha512-qGrjhyNWg+WyQcqjTUND/c6+ow6i+fiGGx0qoCOreg99WLRloJ0DJYM18NcJJzIoAMoPa/e9U4RZr6RZLPpReg=="
    }
  },
  "dependencies": {
    "chrome-types": {
      "version": "0.1.328",
      "resolved": "https://registry.npmjs.org/chrome-types/-/chrome-types-0.1.328.tgz",
      "integrity": "sha512-qGrjhyNWg+WyQcqjTUND/c6+ow6i+fiGGx0qoCOreg99WLRloJ0DJYM18NcJJzIoAMoPa/e9U4RZr6RZLPpReg=="
    }
  }
}
